
Microsoft Visual Studio Solution File, Format Version 12.00
# Visual Studio Version 17
VisualStudioVersion = 17.11.35327.3
MinimumVisualStudioVersion = 10.0.40219.1
Project("{FAE04EC0-301F-11D3-BF4B-00C04F79EFBC}") = "CasinoApi", "CasinoApi\CasinoApi.csproj", "{8C883AF9-8197-4C7A-A448-DB8FE0FE69D4}"
EndProject
Global
	GlobalSection(SolutionConfigurationPlatforms) = preSolution
		Debug|Any CPU = Debug|Any CPU
		Release|Any CPU = Release|Any CPU
	EndGlobalSection
	GlobalSection(ProjectConfigurationPlatforms) = postSolution
		{8C883AF9-8197-4C7A-A448-DB8FE0FE69D4}.Debug|Any CPU.ActiveCfg = Debug|Any CPU
		{8C883AF9-8197-4C7A-A448-DB8FE0FE69D4}.Debug|Any CPU.Build.0 = Debug|Any CPU
		{8C883AF9-8197-4C7A-A448-DB8FE0FE69D4}.Release|Any CPU.ActiveCfg = Release|Any CPU
		{8C883AF9-8197-4C7A-A448-DB8FE0FE69D4}.Release|Any CPU.Build.0 = Release|Any CPU
	EndGlobalSection
	GlobalSection(SolutionProperties) = preSolution
		HideSolutionNode = FALSE
	EndGlobalSection
	GlobalSection(ExtensibilityGlobals) = postSolution
		SolutionGuid = {06B58315-0ADA-4E49-B75A-D1EAD83F0D16}
	EndGlobalSection
EndGlobal
